
Microsoft Visual Studio Solution File, Format Version 12.00
# Visual Studio Version 16
VisualStudioVersion = 16.0.33328.57
MinimumVisualStudioVersion = 10.0.40219.1
Project("{FAE04EC0-301F-11D3-BF4B-00C04F79EFBC}") = "tema4ex2", "tema4ex2\tema4ex2.csproj", "{7047C16C-7F6D-4B71-A7A7-435A3DC6AD68}"
EndProject
Global
	GlobalSection(SolutionConfigurationPlatforms) = preSolution
		Debug|Any CPU = Debug|Any CPU
		Release|Any CPU = Release|Any CPU
	EndGlobalSection
	GlobalSection(ProjectConfigurationPlatforms) = postSolution
		{7047C16C-7F6D-4B71-A7A7-435A3DC6AD68}.Debug|Any CPU.ActiveCfg = Debug|Any CPU
		{7047C16C-7F6D-4B71-A7A7-435A3DC6AD68}.Debug|Any CPU.Build.0 = Debug|Any CPU
		{7047C16C-7F6D-4B71-A7A7-435A3DC6AD68}.Release|Any CPU.ActiveCfg = Release|Any CPU
		{7047C16C-7F6D-4B71-A7A7-435A3DC6AD68}.Release|Any CPU.Build.0 = Release|Any CPU
	EndGlobalSection
	GlobalSection(SolutionProperties) = preSolution
		HideSolutionNode = FALSE
	EndGlobalSection
	GlobalSection(ExtensibilityGlobals) = postSolution
		SolutionGuid = {FD52974A-A0AC-4EE1-82ED-8189DF22D098}
	EndGlobalSection
EndGlobal
